// !$*UTF8*$!
{
	archiveVersion = 1;
	classes = {
	};
	objectVersion = 48;
	objects = {

/* Begin PBXBuildFile section */
		4603371A1FE005C5001F1298 /* ViewController2.swift in Sources */ = {isa = PBXBuildFile; fileRef = 4603370E1FE005C5001F1298 /* ViewController2.swift */; };
		4603371B1FE005C5001F1298 /* ViewController.swift in Sources */ = {isa = PBXBuildFile; fileRef = 4603370F1FE005C5001F1298 /* ViewController.swift */; };
		4603371C1FE005C5001F1298 /* Assets.xcassets in Resources */ = {isa = PBXBuildFile; fileRef = 460337101FE005C5001F1298 /* Assets.xcassets */; };
		4603371D1FE005C5001F1298 /* CandidateWithJobTableViewController.swift in Sources */ = {isa = PBXBuildFile; fileRef = 460337111FE005C5001F1298 /* CandidateWithJobTableViewController.swift */; };
		4603371E1FE005C5001F1298 /* LaunchScreen.storyboard in Resources */ = {isa = PBXBuildFile; fileRef = 460337121FE005C5001F1298 /* LaunchScreen.storyboard */; };
		4603371F1FE005C5001F1298 /* Main.storyboard in Resources */ = {isa = PBXBuildFile; fileRef = 460337141FE005C5001F1298 /* Main.storyboard */; };
		460337201FE005C5001F1298 /* CandidateTableViewController.swift in Sources */ = {isa = PBXBuildFile; fileRef = 460337161FE005C5001F1298 /* CandidateTableViewController.swift */; };
		460337211FE005C5001F1298 /* JobsTableViewController.swift in Sources */ = {isa = PBXBuildFile; fileRef = 460337171FE005C5001F1298 /* JobsTableViewController.swift */; };
		460337221FE005C5001F1298 /* AppDelegate.swift in Sources */ = {isa = PBXBuildFile; fileRef = 460337181FE005C5001F1298 /* AppDelegate.swift */; };
		460337231FE005C5001F1298 /* Info.plist in Resources */ = {isa = PBXBuildFile; fileRef = 460337191FE005C5001F1298 /* Info.plist */; };
/* End PBXBuildFile section */

/* Begin PBXFileReference section */
		460336CE1FDE9573001F1298 /* Hypthese2_Huidig.app */ = {isa = PBXFileReference; explicitFileType = wrapper.application; includeInIndex = 0; path = Hypthese2_Huidig.app; sourceTree = BUILT_PRODUCTS_DIR; };
		4603370E1FE005C5001F1298 /* ViewController2.swift */ = {isa = PBXFileReference; fileEncoding = 4; lastKnownFileType = sourcecode.swift; path = ViewController2.swift; sourceTree = "<group>"; };
		4603370F1FE005C5001F1298 /* ViewController.swift */ = {isa = PBXFileReference; fileEncoding = 4; lastKnownFileType = sourcecode.swift; path = ViewController.swift; sourceTree = "<group>"; };
		460337101FE005C5001F1298 /* Assets.xcassets */ = {isa = PBXFileReference; lastKnownFileType = folder.assetcatalog; path = Assets.xcassets; sourceTree = "<group>"; };
		460337111FE005C5001F1298 /* CandidateWithJobTableViewController.swift */ = {isa = PBXFileReference; fileEncoding = 4; lastKnownFileType = sourcecode.swift; path = CandidateWithJobTableViewController.swift; sourceTree = "<group>"; };
		460337131FE005C5001F1298 /* Base */ = {isa = PBXFileReference; lastKnownFileType = file.storyboard; name = Base; path = Base.lproj/LaunchScreen.storyboard; sourceTree = "<group>"; };
		460337151FE005C5001F1298 /* Base */ = {isa = PBXFileReference; lastKnownFileType = file.storyboard; name = Base; path = Base.lproj/Main.storyboard; sourceTree = "<group>"; };
		460337161FE005C5001F1298 /* CandidateTableViewController.swift */ = {isa = PBXFileReference; fileEncoding = 4; lastKnownFileType = sourcecode.swift; path = CandidateTableViewController.swift; sourceTree = "<group>"; };
		460337171FE005C5001F1298 /* JobsTableViewController.swift */ = {isa = PBXFileReference; fileEncoding = 4; lastKnownFileType = sourcecode.swift; path = JobsTableViewController.swift; sourceTree = "<group>"; };
		460337181FE005C5001F1298 /* AppDelegate.swift */ = {isa = PBXFileReference; fileEncoding = 4; lastKnownFileType = sourcecode.swift; path = AppDelegate.swift; sourceTree = "<group>"; };
		460337191FE005C5001F1298 /* Info.plist */ = {isa = PBXFileReference; fileEncoding = 4; lastKnownFileType = text.plist.xml; path = Info.plist; sourceTree = "<group>"; };
/* End PBXFileReference section */

/* Begin PBXFrameworksBuildPhase section */
		460336CB1FDE9573001F1298 /* Frameworks */ = {
			isa = PBXFrameworksBuildPhase;
			buildActionMask = 2147483647;
			files = (
			);
			runOnlyForDeploymentPostprocessing = 0;
		};
/* End PBXFrameworksBuildPhase section */

/* Begin PBXGroup section */
		460336C51FDE9573001F1298 = {
			isa = PBXGroup;
			children = (
				4603370D1FE005C5001F1298 /* Hypthese2_Huidig */,
				460336CF1FDE9573001F1298 /* Products */,
			);
			sourceTree = "<group>";
		};
		460336CF1FDE9573001F1298 /* Products */ = {
			isa = PBXGroup;
			children = (
				460336CE1FDE9573001F1298 /* Hypthese2_Huidig.app */,
			);
			name = Products;
			sourceTree = "<group>";
		};
		4603370D1FE005C5001F1298 /* Hypthese2_Huidig */ = {
			isa = PBXGroup;
			children = (
				4603370E1FE005C5001F1298 /* ViewController2.swift */,
				4603370F1FE005C5001F1298 /* ViewController.swift */,
				460337101FE005C5001F1298 /* Assets.xcassets */,
				460337111FE005C5001F1298 /* CandidateWithJobTableViewController.swift */,
				460337121FE005C5001F1298 /* LaunchScreen.storyboard */,
				460337141FE005C5001F1298 /* Main.storyboard */,
				460337161FE005C5001F1298 /* CandidateTableViewController.swift */,
				460337171FE005C5001F1298 /* JobsTableViewController.swift */,
				460337181FE005C5001F1298 /* AppDelegate.swift */,
				460337191FE005C5001F1298 /* Info.plist */,
			);
			path = Hypthese2_Huidig;
			sourceTree = "<group>";
		};
/* End PBXGroup section */

/* Begin PBXNativeTarget section */
		460336CD1FDE9573001F1298 /* Hypthese2_Huidig */ = {
			isa = PBXNativeTarget;
			buildConfigurationList = 460336E01FDE9573001F1298 /* Build configuration list for PBXNativeTarget "Hypthese2_Huidig" */;
			buildPhases = (
				460336CA1FDE9573001F1298 /* Sources */,
				460336CB1FDE9573001F1298 /* Frameworks */,
				460336CC1FDE9573001F1298 /* Resources */,
			);
			buildRules = (
			);
			dependencies = (
			);
			name = Hypthese2_Huidig;
			productName = Hypthese_2;
			productReference = 460336CE1FDE9573001F1298 /* Hypthese2_Huidig.app */;
			productType = "com.apple.product-type.application";
		};
/* End PBXNativeTarget section */

/* Begin PBXProject section */
		460336C61FDE9573001F1298 /* Project object */ = {
			isa = PBXProject;
			attributes = {
				LastSwiftUpdateCheck = 0910;
				LastUpgradeCheck = 0910;
				ORGANIZATIONNAME = "Lars De Winter";
				TargetAttributes = {
					460336CD1FDE9573001F1298 = {
						CreatedOnToolsVersion = 9.1;
						ProvisioningStyle = Automatic;
					};
				};
			};
			buildConfigurationList = 460336C91FDE9573001F1298 /* Build configuration list for PBXProject "Hypthese2_Huidig" */;
			compatibilityVersion = "Xcode 8.0";
			developmentRegion = en;
			hasScannedForEncodings = 0;
			knownRegions = (
				en,
				Base,
			);
			mainGroup = 460336C51FDE9573001F1298;
			productRefGroup = 460336CF1FDE9573001F1298 /* Products */;
			projectDirPath = "";
			projectRoot = "";
			targets = (
				460336CD1FDE9573001F1298 /* Hypthese2_Huidig */,
			);
		};
/* End PBXProject section */

/* Begin PBXResourcesBuildPhase section */
		460336CC1FDE9573001F1298 /* Resources */ = {
			isa = PBXResourcesBuildPhase;
			buildActionMask = 2147483647;
			files = (
				460337231FE005C5001F1298 /* Info.plist in Resources */,
				4603371F1FE005C5001F1298 /* Main.storyboard in Resources */,
				4603371C1FE005C5001F1298 /* Assets.xcassets in Resources */,
				4603371E1FE005C5001F1298 /* LaunchScreen.storyboard in Resources */,
			);
			runOnlyForDeploymentPostprocessing = 0;
		};
/* End PBXResourcesBuildPhase section */

/* Begin PBXSourcesBuildPhase section */
		460336CA1FDE9573001F1298 /* Sources */ = {
			isa = PBXSourcesBuildPhase;
			buildActionMask = 2147483647;
			files = (
				460337221FE005C5001F1298 /* AppDelegate.swift in Sources */,
				4603371B1FE005C5001F1298 /* ViewController.swift in Sources */,
				460337201FE005C5001F1298 /* CandidateTableViewController.swift in Sources */,
				460337211FE005C5001F1298 /* JobsTableViewController.swift in Sources */,
				4603371D1FE005C5001F1298 /* CandidateWithJobTableViewController.swift in Sources */,
				4603371A1FE005C5001F1298 /* ViewController2.swift in Sources */,
			);
			runOnlyForDeploymentPostprocessing = 0;
		};
/* End PBXSourcesBuildPhase section */

/* Begin PBXVariantGroup section */
		460337121FE005C5001F1298 /* LaunchScreen.storyboard */ = {
			isa = PBXVariantGroup;
			children = (
				460337131FE005C5001F1298 /* Base */,
			);
			name = LaunchScreen.storyboard;
			sourceTree = "<group>";
		};
		460337141FE005C5001F1298 /* Main.storyboard */ = {
			isa = PBXVariantGroup;
			children = (
				460337151FE005C5001F1298 /* Base */,
			);
			name = Main.storyboard;
			sourceTree = "<group>";
		};
/* End PBXVariantGroup section */

/* Begin XCBuildConfiguration section */
		460336DE1FDE9573001F1298 /* Debug */ = {
			isa = XCBuildConfiguration;
			buildSettings = {
				ALWAYS_SEARCH_USER_PATHS = NO;
				CLANG_ANALYZER_NONNULL = YES;
				CLANG_ANALYZER_NUMBER_OBJECT_CONVERSION = YES_AGGRESSIVE;
				CLANG_CXX_LANGUAGE_STANDARD = "gnu++14";
				CLANG_CXX_LIBRARY = "libc++";
				CLANG_ENABLE_MODULES = YES;
				CLANG_ENABLE_OBJC_ARC = YES;
				CLANG_WARN_BLOCK_CAPTURE_AUTORELEASING = YES;
				CLANG_WARN_BOOL_CONVERSION = YES;
				CLANG_WARN_COMMA = YES;
				CLANG_WARN_CONSTANT_CONVERSION = YES;
				CLANG_WARN_DIRECT_OBJC_ISA_USAGE = YES_ERROR;
				CLANG_WARN_DOCUMENTATION_COMMENTS = YES;
				CLANG_WARN_EMPTY_BODY = YES;
				CLANG_WARN_ENUM_CONVERSION = YES;
				CLANG_WARN_INFINITE_RECURSION = YES;
				CLANG_WARN_INT_CONVERSION = YES;
				CLANG_WARN_NON_LITERAL_NULL_CONVERSION = YES;
				CLANG_WARN_OBJC_LITERAL_CONVERSION = YES;
				CLANG_WARN_OBJC_ROOT_CLASS = YES_ERROR;
				CLANG_WARN_RANGE_LOOP_ANALYSIS = YES;
				CLANG_WARN_STRICT_PROTOTYPES = YES;
				CLANG_WARN_SUSPICIOUS_MOVE = YES;
				CLANG_WARN_UNGUARDED_AVAILABILITY = YES_AGGRESSIVE;
				CLANG_WARN_UNREACHABLE_CODE = YES;
				CLANG_WARN__DUPLICATE_METHOD_MATCH = YES;
				CODE_SIGN_IDENTITY = "iPhone Developer";
				COPY_PHASE_STRIP = NO;
				DEBUG_INFORMATION_FORMAT = dwarf;
				ENABLE_STRICT_OBJC_MSGSEND = YES;
				ENABLE_TESTABILITY = YES;
				GCC_C_LANGUAGE_STANDARD = gnu11;
				GCC_DYNAMIC_NO_PIC = NO;
				GCC_NO_COMMON_BLOCKS = YES;
				GCC_OPTIMIZATION_LEVEL = 0;
				GCC_PREPROCESSOR_DEFINITIONS = (
					"DEBUG=1",
					"$(inherited)",
				);
				GCC_WARN_64_TO_32_BIT_CONVERSION = YES;
				GCC_WARN_ABOUT_RETURN_TYPE = YES_ERROR;
				GCC_WARN_UNDECLARED_SELECTOR = YES;
				GCC_WARN_UNINITIALIZED_AUTOS = YES_AGGRESSIVE;
				GCC_WARN_UNUSED_FUNCTION = YES;
				GCC_WARN_UNUSED_VARIABLE = YES;
				IPHONEOS_DEPLOYMENT_TARGET = 11.1;
				MTL_ENABLE_DEBUG_INFO = YES;
				ONLY_ACTIVE_ARCH = YES;
				SDKROOT = iphoneos;
				SWIFT_ACTIVE_COMPILATION_CONDITIONS = DEBUG;
				SWIFT_OPTIMIZATION_LEVEL = "-Onone";
			};
			name = Debug;
		};
		460336DF1FDE9573001F1298 /* Release */ = {
			isa = XCBuildConfiguration;
			buildSettings = {
				ALWAYS_SEARCH_USER_PATHS = NO;
				CLANG_ANALYZER_NONNULL = YES;
				CLANG_ANALYZER_NUMBER_OBJECT_CONVERSION = YES_AGGRESSIVE;
				CLANG_CXX_LANGUAGE_STANDARD = "gnu++14";
				CLANG_CXX_LIBRARY = "libc++";
				CLANG_ENABLE_MODULES = YES;
				CLANG_ENABLE_OBJC_ARC = YES;
				CLANG_WARN_BLOCK_CAPTURE_AUTORELEASING = YES;
				CLANG_WARN_BOOL_CONVERSION = YES;
				CLANG_WARN_COMMA = YES;
				CLANG_WARN_CONSTANT_CONVERSION = YES;
				CLANG_WARN_DIRECT_OBJC_ISA_USAGE = YES_ERROR;
				CLANG_WARN_DOCUMENTATION_COMMENTS = YES;
				CLANG_WARN_EMPTY_BODY = YES;
				CLANG_WARN_ENUM_CONVERSION = YES;
				CLANG_WARN_INFINITE_RECURSION = YES;
				CLANG_WARN_INT_CONVERSION = YES;
				CLANG_WARN_NON_LITERAL_NULL_CONVERSION = YES;
				CLANG_WARN_OBJC_LITERAL_CONVERSION = YES;
				CLANG_WARN_OBJC_ROOT_CLASS = YES_ERROR;
				CLANG_WARN_RANGE_LOOP_ANALYSIS = YES;
				CLANG_WARN_STRICT_PROTOTYPES = YES;
				CLANG_WARN_SUSPICIOUS_MOVE = YES;
				CLANG_WARN_UNGUARDED_AVAILABILITY = YES_AGGRESSIVE;
				CLANG_WARN_UNREACHABLE_CODE = YES;
				CLANG_WARN__DUPLICATE_METHOD_MATCH = YES;
				CODE_SIGN_IDENTITY = "iPhone Developer";
				COPY_PHASE_STRIP = NO;
				DEBUG_INFORMATION_FORMAT = "dwarf-with-dsym";
				ENABLE_NS_ASSERTIONS = NO;
				ENABLE_STRICT_OBJC_MSGSEND = YES;
				GCC_C_LANGUAGE_STANDARD = gnu11;
				GCC_NO_COMMON_BLOCKS = YES;
				GCC_WARN_64_TO_32_BIT_CONVERSION = YES;
				GCC_WARN_ABOUT_RETURN_TYPE = YES_ERROR;
				GCC_WARN_UNDECLARED_SELECTOR = YES;
				GCC_WARN_UNINITIALIZED_AUTOS = YES_AGGRESSIVE;
				GCC_WARN_UNUSED_FUNCTION = YES;
				GCC_WARN_UNUSED_VARIABLE = YES;
				IPHONEOS_DEPLOYMENT_TARGET = 11.1;
				MTL_ENABLE_DEBUG_INFO = NO;
				SDKROOT = iphoneos;
				SWIFT_OPTIMIZATION_LEVEL = "-Owholemodule";
				VALIDATE_PRODUCT = YES;
			};
			name = Release;
		};
		460336E11FDE9573001F1298 /* Debug */ = {
			isa = XCBuildConfiguration;
			buildSettings = {
				ASSETCATALOG_COMPILER_APPICON_NAME = AppIcon;
				CODE_SIGN_STYLE = Automatic;
				DEVELOPMENT_TEAM = 55DWDHMW3W;
				INFOPLIST_FILE = "$(SRCROOT)/Hypthese2_Huidig/Info.plist";
				IPHONEOS_DEPLOYMENT_TARGET = 11.0;
				LD_RUNPATH_SEARCH_PATHS = "$(inherited) @executable_path/Frameworks";
				PRODUCT_BUNDLE_IDENTIFIER = "com.ldw.Hypthese-2";
				PRODUCT_NAME = "$(TARGET_NAME)";
				SWIFT_VERSION = 4.0;
				TARGETED_DEVICE_FAMILY = "1,2";
			};
			name = Debug;
		};
		460336E21FDE9573001F1298 /* Release */ = {
			isa = XCBuildConfiguration;
			buildSettings = {
				ASSETCATALOG_COMPILER_APPICON_NAME = AppIcon;
				CODE_SIGN_STYLE = Automatic;
				DEVELOPMENT_TEAM = 55DWDHMW3W;
				INFOPLIST_FILE = "$(SRCROOT)/Hypthese2_Huidig/Info.plist";
				IPHONEOS_DEPLOYMENT_TARGET = 11.0;
				LD_RUNPATH_SEARCH_PATHS = "$(inherited) @executable_path/Frameworks";
				PRODUCT_BUNDLE_IDENTIFIER = "com.ldw.Hypthese-2";
				PRODUCT_NAME = "$(TARGET_NAME)";
				SWIFT_VERSION = 4.0;
				TARGETED_DEVICE_FAMILY = "1,2";
			};
			name = Release;
		};
/* End XCBuildConfiguration section */

/* Begin XCConfigurationList section */
		460336C91FDE9573001F1298 /* Build configuration list for PBXProject "Hypthese2_Huidig" */ = {
			isa = XCConfigurationList;
			buildConfigurations = (
				460336DE1FDE9573001F1298 /* Debug */,
				460336DF1FDE9573001F1298 /* Release */,
			);
			defaultConfigurationIsVisible = 0;
			defaultConfigurationName = Release;
		};
		460336E01FDE9573001F1298 /* Build configuration list for PBXNativeTarget "Hypthese2_Huidig" */ = {
			isa = XCConfigurationList;
			buildConfigurations = (
				460336E11FDE9573001F1298 /* Debug */,
				460336E21FDE9573001F1298 /* Release */,
			);
			defaultConfigurationIsVisible = 0;
			defaultConfigurationName = Release;
		};
/* End XCConfigurationList section */
	};
	rootObject = 460336C61FDE9573001F1298 /* Project object */;
}
