// !$*UTF8*$!
{
	archiveVersion = 1;
	classes = {
	};
	objectVersion = 48;
	objects = {

/* Begin PBXBuildFile section */
		46AF57431FE15BDC0067DCB4 /* NewJobViewController.swift in Sources */ = {isa = PBXBuildFile; fileRef = 46AF573E1FE15BDC0067DCB4 /* NewJobViewController.swift */; };
		46AF57441FE15BDC0067DCB4 /* JobsTableViewController.swift in Sources */ = {isa = PBXBuildFile; fileRef = 46AF573F1FE15BDC0067DCB4 /* JobsTableViewController.swift */; };
		46AF57451FE15BDC0067DCB4 /* CandidateWithJobTableViewController.swift in Sources */ = {isa = PBXBuildFile; fileRef = 46AF57401FE15BDC0067DCB4 /* CandidateWithJobTableViewController.swift */; };
		46AF57461FE15BDC0067DCB4 /* CanditateInfoViewController.swift in Sources */ = {isa = PBXBuildFile; fileRef = 46AF57411FE15BDC0067DCB4 /* CanditateInfoViewController.swift */; };
		46AF57471FE15BDC0067DCB4 /* CandidateTableViewController.swift in Sources */ = {isa = PBXBuildFile; fileRef = 46AF57421FE15BDC0067DCB4 /* CandidateTableViewController.swift */; };
		46B94EC41FE15B8A00A27B04 /* AppDelegate.swift in Sources */ = {isa = PBXBuildFile; fileRef = 46B94EC31FE15B8A00A27B04 /* AppDelegate.swift */; };
		46B94ECB1FE15B8A00A27B04 /* Main.storyboard in Resources */ = {isa = PBXBuildFile; fileRef = 46B94EC91FE15B8A00A27B04 /* Main.storyboard */; };
		46B94ECD1FE15B8A00A27B04 /* Assets.xcassets in Resources */ = {isa = PBXBuildFile; fileRef = 46B94ECC1FE15B8A00A27B04 /* Assets.xcassets */; };
		46B94ED01FE15B8A00A27B04 /* LaunchScreen.storyboard in Resources */ = {isa = PBXBuildFile; fileRef = 46B94ECE1FE15B8A00A27B04 /* LaunchScreen.storyboard */; };
/* End PBXBuildFile section */

/* Begin PBXFileReference section */
		46AF573E1FE15BDC0067DCB4 /* NewJobViewController.swift */ = {isa = PBXFileReference; fileEncoding = 4; lastKnownFileType = sourcecode.swift; path = NewJobViewController.swift; sourceTree = "<group>"; };
		46AF573F1FE15BDC0067DCB4 /* JobsTableViewController.swift */ = {isa = PBXFileReference; fileEncoding = 4; lastKnownFileType = sourcecode.swift; path = JobsTableViewController.swift; sourceTree = "<group>"; };
		46AF57401FE15BDC0067DCB4 /* CandidateWithJobTableViewController.swift */ = {isa = PBXFileReference; fileEncoding = 4; lastKnownFileType = sourcecode.swift; path = CandidateWithJobTableViewController.swift; sourceTree = "<group>"; };
		46AF57411FE15BDC0067DCB4 /* CanditateInfoViewController.swift */ = {isa = PBXFileReference; fileEncoding = 4; lastKnownFileType = sourcecode.swift; path = CanditateInfoViewController.swift; sourceTree = "<group>"; };
		46AF57421FE15BDC0067DCB4 /* CandidateTableViewController.swift */ = {isa = PBXFileReference; fileEncoding = 4; lastKnownFileType = sourcecode.swift; path = CandidateTableViewController.swift; sourceTree = "<group>"; };
		46B94EC01FE15B8A00A27B04 /* Hypthese2_Huidig.app */ = {isa = PBXFileReference; explicitFileType = wrapper.application; includeInIndex = 0; path = Hypthese2_Huidig.app; sourceTree = BUILT_PRODUCTS_DIR; };
		46B94EC31FE15B8A00A27B04 /* AppDelegate.swift */ = {isa = PBXFileReference; lastKnownFileType = sourcecode.swift; path = AppDelegate.swift; sourceTree = "<group>"; };
		46B94ECA1FE15B8A00A27B04 /* Base */ = {isa = PBXFileReference; lastKnownFileType = file.storyboard; name = Base; path = Base.lproj/Main.storyboard; sourceTree = "<group>"; };
		46B94ECC1FE15B8A00A27B04 /* Assets.xcassets */ = {isa = PBXFileReference; lastKnownFileType = folder.assetcatalog; path = Assets.xcassets; sourceTree = "<group>"; };
		46B94ECF1FE15B8A00A27B04 /* Base */ = {isa = PBXFileReference; lastKnownFileType = file.storyboard; name = Base; path = Base.lproj/LaunchScreen.storyboard; sourceTree = "<group>"; };
		46B94ED11FE15B8A00A27B04 /* Info.plist */ = {isa = PBXFileReference; lastKnownFileType = text.plist.xml; path = Info.plist; sourceTree = "<group>"; };
/* End PBXFileReference section */

/* Begin PBXFrameworksBuildPhase section */
		46B94EBD1FE15B8A00A27B04 /* Frameworks */ = {
			isa = PBXFrameworksBuildPhase;
			buildActionMask = 2147483647;
			files = (
			);
			runOnlyForDeploymentPostprocessing = 0;
		};
/* End PBXFrameworksBuildPhase section */

/* Begin PBXGroup section */
		46B94EB71FE15B8A00A27B04 = {
			isa = PBXGroup;
			children = (
				46B94EC21FE15B8A00A27B04 /* Hypthese2_Huidig */,
				46B94EC11FE15B8A00A27B04 /* Products */,
			);
			sourceTree = "<group>";
		};
		46B94EC11FE15B8A00A27B04 /* Products */ = {
			isa = PBXGroup;
			children = (
				46B94EC01FE15B8A00A27B04 /* Hypthese2_Huidig.app */,
			);
			name = Products;
			sourceTree = "<group>";
		};
		46B94EC21FE15B8A00A27B04 /* Hypthese2_Huidig */ = {
			isa = PBXGroup;
			children = (
				46AF57421FE15BDC0067DCB4 /* CandidateTableViewController.swift */,
				46AF57401FE15BDC0067DCB4 /* CandidateWithJobTableViewController.swift */,
				46AF57411FE15BDC0067DCB4 /* CanditateInfoViewController.swift */,
				46AF573F1FE15BDC0067DCB4 /* JobsTableViewController.swift */,
				46AF573E1FE15BDC0067DCB4 /* NewJobViewController.swift */,
				46B94EC31FE15B8A00A27B04 /* AppDelegate.swift */,
				46B94EC91FE15B8A00A27B04 /* Main.storyboard */,
				46B94ECC1FE15B8A00A27B04 /* Assets.xcassets */,
				46B94ECE1FE15B8A00A27B04 /* LaunchScreen.storyboard */,
				46B94ED11FE15B8A00A27B04 /* Info.plist */,
			);
			path = Hypthese2_Huidig;
			sourceTree = "<group>";
		};
/* End PBXGroup section */

/* Begin PBXNativeTarget section */
		46B94EBF1FE15B8A00A27B04 /* Hypthese2_Huidig */ = {
			isa = PBXNativeTarget;
			buildConfigurationList = 46B94ED41FE15B8A00A27B04 /* Build configuration list for PBXNativeTarget "Hypthese2_Huidig" */;
			buildPhases = (
				46B94EBC1FE15B8A00A27B04 /* Sources */,
				46B94EBD1FE15B8A00A27B04 /* Frameworks */,
				46B94EBE1FE15B8A00A27B04 /* Resources */,
			);
			buildRules = (
			);
			dependencies = (
			);
			name = Hypthese2_Huidig;
			productName = Hypthese2_Huidig;
			productReference = 46B94EC01FE15B8A00A27B04 /* Hypthese2_Huidig.app */;
			productType = "com.apple.product-type.application";
		};
/* End PBXNativeTarget section */

/* Begin PBXProject section */
		46B94EB81FE15B8A00A27B04 /* Project object */ = {
			isa = PBXProject;
			attributes = {
				LastSwiftUpdateCheck = 0910;
				LastUpgradeCheck = 0910;
				ORGANIZATIONNAME = "Lars De Winter";
				TargetAttributes = {
					46B94EBF1FE15B8A00A27B04 = {
						CreatedOnToolsVersion = 9.1;
						ProvisioningStyle = Automatic;
					};
				};
			};
			buildConfigurationList = 46B94EBB1FE15B8A00A27B04 /* Build configuration list for PBXProject "Hypthese2_Huidig" */;
			compatibilityVersion = "Xcode 8.0";
			developmentRegion = en;
			hasScannedForEncodings = 0;
			knownRegions = (
				en,
				Base,
			);
			mainGroup = 46B94EB71FE15B8A00A27B04;
			productRefGroup = 46B94EC11FE15B8A00A27B04 /* Products */;
			projectDirPath = "";
			projectRoot = "";
			targets = (
				46B94EBF1FE15B8A00A27B04 /* Hypthese2_Huidig */,
			);
		};
/* End PBXProject section */

/* Begin PBXResourcesBuildPhase section */
		46B94EBE1FE15B8A00A27B04 /* Resources */ = {
			isa = PBXResourcesBuildPhase;
			buildActionMask = 2147483647;
			files = (
				46B94ED01FE15B8A00A27B04 /* LaunchScreen.storyboard in Resources */,
				46B94ECD1FE15B8A00A27B04 /* Assets.xcassets in Resources */,
				46B94ECB1FE15B8A00A27B04 /* Main.storyboard in Resources */,
			);
			runOnlyForDeploymentPostprocessing = 0;
		};
/* End PBXResourcesBuildPhase section */

/* Begin PBXSourcesBuildPhase section */
		46B94EBC1FE15B8A00A27B04 /* Sources */ = {
			isa = PBXSourcesBuildPhase;
			buildActionMask = 2147483647;
			files = (
				46B94EC41FE15B8A00A27B04 /* AppDelegate.swift in Sources */,
				46AF57431FE15BDC0067DCB4 /* NewJobViewController.swift in Sources */,
				46AF57461FE15BDC0067DCB4 /* CanditateInfoViewController.swift in Sources */,
				46AF57471FE15BDC0067DCB4 /* CandidateTableViewController.swift in Sources */,
				46AF57441FE15BDC0067DCB4 /* JobsTableViewController.swift in Sources */,
				46AF57451FE15BDC0067DCB4 /* CandidateWithJobTableViewController.swift in Sources */,
			);
			runOnlyForDeploymentPostprocessing = 0;
		};
/* End PBXSourcesBuildPhase section */

/* Begin PBXVariantGroup section */
		46B94EC91FE15B8A00A27B04 /* Main.storyboard */ = {
			isa = PBXVariantGroup;
			children = (
				46B94ECA1FE15B8A00A27B04 /* Base */,
			);
			name = Main.storyboard;
			sourceTree = "<group>";
		};
		46B94ECE1FE15B8A00A27B04 /* LaunchScreen.storyboard */ = {
			isa = PBXVariantGroup;
			children = (
				46B94ECF1FE15B8A00A27B04 /* Base */,
			);
			name = LaunchScreen.storyboard;
			sourceTree = "<group>";
		};
/* End PBXVariantGroup section */

/* Begin XCBuildConfiguration section */
		46B94ED21FE15B8A00A27B04 /* Debug */ = {
			isa = XCBuildConfiguration;
			buildSettings = {
				ALWAYS_SEARCH_USER_PATHS = NO;
				CLANG_ANALYZER_NONNULL = YES;
				CLANG_ANALYZER_NUMBER_OBJECT_CONVERSION = YES_AGGRESSIVE;
				CLANG_CXX_LANGUAGE_STANDARD = "gnu++14";
				CLANG_CXX_LIBRARY = "libc++";
				CLANG_ENABLE_MODULES = YES;
				CLANG_ENABLE_OBJC_ARC = YES;
				CLANG_WARN_BLOCK_CAPTURE_AUTORELEASING = YES;
				CLANG_WARN_BOOL_CONVERSION = YES;
				CLANG_WARN_COMMA = YES;
				CLANG_WARN_CONSTANT_CONVERSION = YES;
				CLANG_WARN_DIRECT_OBJC_ISA_USAGE = YES_ERROR;
				CLANG_WARN_DOCUMENTATION_COMMENTS = YES;
				CLANG_WARN_EMPTY_BODY = YES;
				CLANG_WARN_ENUM_CONVERSION = YES;
				CLANG_WARN_INFINITE_RECURSION = YES;
				CLANG_WARN_INT_CONVERSION = YES;
				CLANG_WARN_NON_LITERAL_NULL_CONVERSION = YES;
				CLANG_WARN_OBJC_LITERAL_CONVERSION = YES;
				CLANG_WARN_OBJC_ROOT_CLASS = YES_ERROR;
				CLANG_WARN_RANGE_LOOP_ANALYSIS = YES;
				CLANG_WARN_STRICT_PROTOTYPES = YES;
				CLANG_WARN_SUSPICIOUS_MOVE = YES;
				CLANG_WARN_UNGUARDED_AVAILABILITY = YES_AGGRESSIVE;
				CLANG_WARN_UNREACHABLE_CODE = YES;
				CLANG_WARN__DUPLICATE_METHOD_MATCH = YES;
				CODE_SIGN_IDENTITY = "iPhone Developer";
				COPY_PHASE_STRIP = NO;
				DEBUG_INFORMATION_FORMAT = dwarf;
				ENABLE_STRICT_OBJC_MSGSEND = YES;
				ENABLE_TESTABILITY = YES;
				GCC_C_LANGUAGE_STANDARD = gnu11;
				GCC_DYNAMIC_NO_PIC = NO;
				GCC_NO_COMMON_BLOCKS = YES;
				GCC_OPTIMIZATION_LEVEL = 0;
				GCC_PREPROCESSOR_DEFINITIONS = (
					"DEBUG=1",
					"$(inherited)",
				);
				GCC_WARN_64_TO_32_BIT_CONVERSION = YES;
				GCC_WARN_ABOUT_RETURN_TYPE = YES_ERROR;
				GCC_WARN_UNDECLARED_SELECTOR = YES;
				GCC_WARN_UNINITIALIZED_AUTOS = YES_AGGRESSIVE;
				GCC_WARN_UNUSED_FUNCTION = YES;
				GCC_WARN_UNUSED_VARIABLE = YES;
				IPHONEOS_DEPLOYMENT_TARGET = 11.1;
				MTL_ENABLE_DEBUG_INFO = YES;
				ONLY_ACTIVE_ARCH = YES;
				SDKROOT = iphoneos;
				SWIFT_ACTIVE_COMPILATION_CONDITIONS = DEBUG;
				SWIFT_OPTIMIZATION_LEVEL = "-Onone";
			};
			name = Debug;
		};
		46B94ED31FE15B8A00A27B04 /* Release */ = {
			isa = XCBuildConfiguration;
			buildSettings = {
				ALWAYS_SEARCH_USER_PATHS = NO;
				CLANG_ANALYZER_NONNULL = YES;
				CLANG_ANALYZER_NUMBER_OBJECT_CONVERSION = YES_AGGRESSIVE;
				CLANG_CXX_LANGUAGE_STANDARD = "gnu++14";
				CLANG_CXX_LIBRARY = "libc++";
				CLANG_ENABLE_MODULES = YES;
				CLANG_ENABLE_OBJC_ARC = YES;
				CLANG_WARN_BLOCK_CAPTURE_AUTORELEASING = YES;
				CLANG_WARN_BOOL_CONVERSION = YES;
				CLANG_WARN_COMMA = YES;
				CLANG_WARN_CONSTANT_CONVERSION = YES;
				CLANG_WARN_DIRECT_OBJC_ISA_USAGE = YES_ERROR;
				CLANG_WARN_DOCUMENTATION_COMMENTS = YES;
				CLANG_WARN_EMPTY_BODY = YES;
				CLANG_WARN_ENUM_CONVERSION = YES;
				CLANG_WARN_INFINITE_RECURSION = YES;
				CLANG_WARN_INT_CONVERSION = YES;
				CLANG_WARN_NON_LITERAL_NULL_CONVERSION = YES;
				CLANG_WARN_OBJC_LITERAL_CONVERSION = YES;
				CLANG_WARN_OBJC_ROOT_CLASS = YES_ERROR;
				CLANG_WARN_RANGE_LOOP_ANALYSIS = YES;
				CLANG_WARN_STRICT_PROTOTYPES = YES;
				CLANG_WARN_SUSPICIOUS_MOVE = YES;
				CLANG_WARN_UNGUARDED_AVAILABILITY = YES_AGGRESSIVE;
				CLANG_WARN_UNREACHABLE_CODE = YES;
				CLANG_WARN__DUPLICATE_METHOD_MATCH = YES;
				CODE_SIGN_IDENTITY = "iPhone Developer";
				COPY_PHASE_STRIP = NO;
				DEBUG_INFORMATION_FORMAT = "dwarf-with-dsym";
				ENABLE_NS_ASSERTIONS = NO;
				ENABLE_STRICT_OBJC_MSGSEND = YES;
				GCC_C_LANGUAGE_STANDARD = gnu11;
				GCC_NO_COMMON_BLOCKS = YES;
				GCC_WARN_64_TO_32_BIT_CONVERSION = YES;
				GCC_WARN_ABOUT_RETURN_TYPE = YES_ERROR;
				GCC_WARN_UNDECLARED_SELECTOR = YES;
				GCC_WARN_UNINITIALIZED_AUTOS = YES_AGGRESSIVE;
				GCC_WARN_UNUSED_FUNCTION = YES;
				GCC_WARN_UNUSED_VARIABLE = YES;
				IPHONEOS_DEPLOYMENT_TARGET = 11.1;
				MTL_ENABLE_DEBUG_INFO = NO;
				SDKROOT = iphoneos;
				SWIFT_OPTIMIZATION_LEVEL = "-Owholemodule";
				VALIDATE_PRODUCT = YES;
			};
			name = Release;
		};
		46B94ED51FE15B8A00A27B04 /* Debug */ = {
			isa = XCBuildConfiguration;
			buildSettings = {
				ASSETCATALOG_COMPILER_APPICON_NAME = AppIcon;
				CODE_SIGN_STYLE = Automatic;
				DEVELOPMENT_TEAM = 55DWDHMW3W;
				INFOPLIST_FILE = Hypthese2_Huidig/Info.plist;
				IPHONEOS_DEPLOYMENT_TARGET = 11.0;
				LD_RUNPATH_SEARCH_PATHS = "$(inherited) @executable_path/Frameworks";
				PRODUCT_BUNDLE_IDENTIFIER = "com.ldw.Hypthese2-Huidig";
				PRODUCT_NAME = "$(TARGET_NAME)";
				SWIFT_VERSION = 4.0;
				TARGETED_DEVICE_FAMILY = "1,2";
			};
			name = Debug;
		};
		46B94ED61FE15B8A00A27B04 /* Release */ = {
			isa = XCBuildConfiguration;
			buildSettings = {
				ASSETCATALOG_COMPILER_APPICON_NAME = AppIcon;
				CODE_SIGN_STYLE = Automatic;
				DEVELOPMENT_TEAM = 55DWDHMW3W;
				INFOPLIST_FILE = Hypthese2_Huidig/Info.plist;
				IPHONEOS_DEPLOYMENT_TARGET = 11.0;
				LD_RUNPATH_SEARCH_PATHS = "$(inherited) @executable_path/Frameworks";
				PRODUCT_BUNDLE_IDENTIFIER = "com.ldw.Hypthese2-Huidig";
				PRODUCT_NAME = "$(TARGET_NAME)";
				SWIFT_VERSION = 4.0;
				TARGETED_DEVICE_FAMILY = "1,2";
			};
			name = Release;
		};
/* End XCBuildConfiguration section */

/* Begin XCConfigurationList section */
		46B94EBB1FE15B8A00A27B04 /* Build configuration list for PBXProject "Hypthese2_Huidig" */ = {
			isa = XCConfigurationList;
			buildConfigurations = (
				46B94ED21FE15B8A00A27B04 /* Debug */,
				46B94ED31FE15B8A00A27B04 /* Release */,
			);
			defaultConfigurationIsVisible = 0;
			defaultConfigurationName = Release;
		};
		46B94ED41FE15B8A00A27B04 /* Build configuration list for PBXNativeTarget "Hypthese2_Huidig" */ = {
			isa = XCConfigurationList;
			buildConfigurations = (
				46B94ED51FE15B8A00A27B04 /* Debug */,
				46B94ED61FE15B8A00A27B04 /* Release */,
			);
			defaultConfigurationIsVisible = 0;
			defaultConfigurationName = Release;
		};
/* End XCConfigurationList section */
	};
	rootObject = 46B94EB81FE15B8A00A27B04 /* Project object */;
}
